
Microsoft Visual Studio Solution File, Format Version 12.00
# Visual Studio Version 16
VisualStudioVersion = 16.0.31624.102
MinimumVisualStudioVersion = 10.0.40219.1
Project("{FAE04EC0-301F-11D3-BF4B-00C04F79EFBC}") = "AstrologicalSignsKata", "AstrologicalSignsKata.csproj", "{2C74837B-FDC0-4850-803D-62E696F96586}"
EndProject
Global
	GlobalSection(SolutionConfigurationPlatforms) = preSolution
		Debug|Any CPU = Debug|Any CPU
		Release|Any CPU = Release|Any CPU
	EndGlobalSection
	GlobalSection(ProjectConfigurationPlatforms) = postSolution
		{2C74837B-FDC0-4850-803D-62E696F96586}.Debug|Any CPU.ActiveCfg = Debug|Any CPU
		{2C74837B-FDC0-4850-803D-62E696F96586}.Debug|Any CPU.Build.0 = Debug|Any CPU
		{2C74837B-FDC0-4850-803D-62E696F96586}.Release|Any CPU.ActiveCfg = Release|Any CPU
		{2C74837B-FDC0-4850-803D-62E696F96586}.Release|Any CPU.Build.0 = Release|Any CPU
	EndGlobalSection
	GlobalSection(SolutionProperties) = preSolution
		HideSolutionNode = FALSE
	EndGlobalSection
	GlobalSection(ExtensibilityGlobals) = postSolution
		SolutionGuid = {5EA751A8-0C61-4852-8669-D525FD36D692}
	EndGlobalSection
EndGlobal
